
Microsoft Visual Studio Solution File, Format Version 12.00
# Visual Studio 14
VisualStudioVersion = 14.0.25123.0
MinimumVisualStudioVersion = 10.0.40219.1
Project("{FAE04EC0-301F-11D3-BF4B-00C04F79EFBC}") = "Troubleshoot.Web", "Troubleshoot.Web\Troubleshoot.Web.csproj", "{887D4D44-4D4F-48E9-A797-4A33AA23CBDA}"
EndProject
Project("{FAE04EC0-301F-11D3-BF4B-00C04F79EFBC}") = "Troubleshoot.Web.Tests", "Troubleshoot.Web.Tests\Troubleshoot.Web.Tests.csproj", "{4A54EFDE-A235-46F4-A941-D01788B2B66F}"
EndProject
Global
	GlobalSection(SolutionConfigurationPlatforms) = preSolution
		Debug|Any CPU = Debug|Any CPU
		Release|Any CPU = Release|Any CPU
	EndGlobalSection
	GlobalSection(ProjectConfigurationPlatforms) = postSolution
		{887D4D44-4D4F-48E9-A797-4A33AA23CBDA}.Debug|Any CPU.ActiveCfg = Debug|Any CPU
		{887D4D44-4D4F-48E9-A797-4A33AA23CBDA}.Debug|Any CPU.Build.0 = Debug|Any CPU
		{887D4D44-4D4F-48E9-A797-4A33AA23CBDA}.Release|Any CPU.ActiveCfg = Release|Any CPU
		{887D4D44-4D4F-48E9-A797-4A33AA23CBDA}.Release|Any CPU.Build.0 = Release|Any CPU
		{4A54EFDE-A235-46F4-A941-D01788B2B66F}.Debug|Any CPU.ActiveCfg = Debug|Any CPU
		{4A54EFDE-A235-46F4-A941-D01788B2B66F}.Debug|Any CPU.Build.0 = Debug|Any CPU
		{4A54EFDE-A235-46F4-A941-D01788B2B66F}.Release|Any CPU.ActiveCfg = Release|Any CPU
		{4A54EFDE-A235-46F4-A941-D01788B2B66F}.Release|Any CPU.Build.0 = Release|Any CPU
	EndGlobalSection
	GlobalSection(SolutionProperties) = preSolution
		HideSolutionNode = FALSE
	EndGlobalSection
EndGlobal
