
Microsoft Visual Studio Solution File, Format Version 12.00
# Visual Studio 2013
VisualStudioVersion = 12.0.31101.0
MinimumVisualStudioVersion = 10.0.40219.1
Project("{FAE04EC0-301F-11D3-BF4B-00C04F79EFBC}") = "Goldfinch", "Goldfinch\Goldfinch.csproj", "{F95763B6-39D4-4369-ACD2-FCF2C704E53D}"
EndProject
Project("{FAE04EC0-301F-11D3-BF4B-00C04F79EFBC}") = "Goldfinch.Demo", "Goldfinch.Demo\Goldfinch.Demo.csproj", "{FDEE818B-93DE-4C8C-B041-83FE4BF652E4}"
EndProject
Project("{FAE04EC0-301F-11D3-BF4B-00C04F79EFBC}") = "Goldfinch.Demo.Data", "Goldfinch.Demo.Data\Goldfinch.Demo.Data.csproj", "{44E6A6FB-EF87-4EB8-8C72-9A9445361278}"
EndProject
Project("{FAE04EC0-301F-11D3-BF4B-00C04F79EFBC}") = "Goldfinch.Demo.DAL", "Goldfinch.Demo.DAL\Goldfinch.Demo.DAL.csproj", "{B37B8931-81B6-4B39-BBCA-1330AE42BAD4}"
EndProject
Global
	GlobalSection(SolutionConfigurationPlatforms) = preSolution
		Debug|Any CPU = Debug|Any CPU
		Release|Any CPU = Release|Any CPU
	EndGlobalSection
	GlobalSection(ProjectConfigurationPlatforms) = postSolution
		{F95763B6-39D4-4369-ACD2-FCF2C704E53D}.Debug|Any CPU.ActiveCfg = Debug|Any CPU
		{F95763B6-39D4-4369-ACD2-FCF2C704E53D}.Debug|Any CPU.Build.0 = Debug|Any CPU
		{F95763B6-39D4-4369-ACD2-FCF2C704E53D}.Release|Any CPU.ActiveCfg = Release|Any CPU
		{F95763B6-39D4-4369-ACD2-FCF2C704E53D}.Release|Any CPU.Build.0 = Release|Any CPU
		{FDEE818B-93DE-4C8C-B041-83FE4BF652E4}.Debug|Any CPU.ActiveCfg = Debug|Any CPU
		{FDEE818B-93DE-4C8C-B041-83FE4BF652E4}.Debug|Any CPU.Build.0 = Debug|Any CPU
		{FDEE818B-93DE-4C8C-B041-83FE4BF652E4}.Release|Any CPU.ActiveCfg = Release|Any CPU
		{FDEE818B-93DE-4C8C-B041-83FE4BF652E4}.Release|Any CPU.Build.0 = Release|Any CPU
		{44E6A6FB-EF87-4EB8-8C72-9A9445361278}.Debug|Any CPU.ActiveCfg = Debug|Any CPU
		{44E6A6FB-EF87-4EB8-8C72-9A9445361278}.Debug|Any CPU.Build.0 = Debug|Any CPU
		{44E6A6FB-EF87-4EB8-8C72-9A9445361278}.Release|Any CPU.ActiveCfg = Release|Any CPU
		{44E6A6FB-EF87-4EB8-8C72-9A9445361278}.Release|Any CPU.Build.0 = Release|Any CPU
		{B37B8931-81B6-4B39-BBCA-1330AE42BAD4}.Debug|Any CPU.ActiveCfg = Debug|Any CPU
		{B37B8931-81B6-4B39-BBCA-1330AE42BAD4}.Debug|Any CPU.Build.0 = Debug|Any CPU
		{B37B8931-81B6-4B39-BBCA-1330AE42BAD4}.Release|Any CPU.ActiveCfg = Release|Any CPU
		{B37B8931-81B6-4B39-BBCA-1330AE42BAD4}.Release|Any CPU.Build.0 = Release|Any CPU
	EndGlobalSection
	GlobalSection(SolutionProperties) = preSolution
		HideSolutionNode = FALSE
	EndGlobalSection
EndGlobal
